// !$*UTF8*$!
{
	archiveVersion = 1;
	classes = {
	};
	objectVersion = 56;
	objects = {

/* Begin PBXBuildFile section */
		A10001 /* RidlerApp.swift in Sources */ = {isa = PBXBuildFile; fileRef = A20001 /* RidlerApp.swift */; };
		A10002 /* ContentView.swift in Sources */ = {isa = PBXBuildFile; fileRef = A20002 /* ContentView.swift */; };
		A10003 /* Assets.xcassets in Resources */ = {isa = PBXBuildFile; fileRef = A20003 /* Assets.xcassets */; };
		A10004 /* Preview Assets.xcassets in Resources */ = {isa = PBXBuildFile; fileRef = A20004 /* Preview Assets.xcassets */; };
		A10005 /* UserStory.swift in Sources */ = {isa = PBXBuildFile; fileRef = A20007 /* UserStory.swift */; };
		A10006 /* LoopState.swift in Sources */ = {isa = PBXBuildFile; fileRef = A20008 /* LoopState.swift */; };
		A10007 /* Milestone.swift in Sources */ = {isa = PBXBuildFile; fileRef = A20009 /* Milestone.swift */; };
		A10008 /* PRDProject.swift in Sources */ = {isa = PBXBuildFile; fileRef = A20010 /* PRDProject.swift */; };
		A10009 /* RidlerError.swift in Sources */ = {isa = PBXBuildFile; fileRef = A20011 /* RidlerError.swift */; };
		A10010 /* PRDStore.swift in Sources */ = {isa = PBXBuildFile; fileRef = A20012 /* PRDStore.swift */; };
		A10011 /* FileSystemPRDStore.swift in Sources */ = {isa = PBXBuildFile; fileRef = A20013 /* FileSystemPRDStore.swift */; };
		A10012 /* SidebarView.swift in Sources */ = {isa = PBXBuildFile; fileRef = A20014 /* SidebarView.swift */; };
		A10013 /* DetailView.swift in Sources */ = {isa = PBXBuildFile; fileRef = A20015 /* DetailView.swift */; };
		A10014 /* LogPanelView.swift in Sources */ = {isa = PBXBuildFile; fileRef = A20016 /* LogPanelView.swift */; };
		A10015 /* EmptyStateView.swift in Sources */ = {isa = PBXBuildFile; fileRef = A20017 /* EmptyStateView.swift */; };
		A10016 /* NewPRDSheet.swift in Sources */ = {isa = PBXBuildFile; fileRef = A20018 /* NewPRDSheet.swift */; };
		A10017 /* SidebarSelection.swift in Sources */ = {isa = PBXBuildFile; fileRef = A20019 /* SidebarSelection.swift */; };
		A10018 /* DirectoryMonitor.swift in Sources */ = {isa = PBXBuildFile; fileRef = A20020 /* DirectoryMonitor.swift */; };
		A10019 /* ProjectFileWatcher.swift in Sources */ = {isa = PBXBuildFile; fileRef = A20021 /* ProjectFileWatcher.swift */; };
		A10020 /* LoopToolbarView.swift in Sources */ = {isa = PBXBuildFile; fileRef = A20022 /* LoopToolbarView.swift */; };
		A10021 /* ProcessManaging.swift in Sources */ = {isa = PBXBuildFile; fileRef = A20023 /* ProcessManaging.swift */; };
		A10022 /* ClaudeCodeProcessManager.swift in Sources */ = {isa = PBXBuildFile; fileRef = A20024 /* ClaudeCodeProcessManager.swift */; };
		A10023 /* LogEntry.swift in Sources */ = {isa = PBXBuildFile; fileRef = A20025 /* LogEntry.swift */; };
		A10024 /* StreamingJSONParser.swift in Sources */ = {isa = PBXBuildFile; fileRef = A20026 /* StreamingJSONParser.swift */; };
		A10025 /* LogStore.swift in Sources */ = {isa = PBXBuildFile; fileRef = A20027 /* LogStore.swift */; };
		A10026 /* RalphLoopEngine.swift in Sources */ = {isa = PBXBuildFile; fileRef = A20028 /* RalphLoopEngine.swift */; };
		A10027 /* GitManaging.swift in Sources */ = {isa = PBXBuildFile; fileRef = A20029 /* GitManaging.swift */; };
		A10028 /* GitManager.swift in Sources */ = {isa = PBXBuildFile; fileRef = A20030 /* GitManager.swift */; };
		A10029 /* BranchWarningSheet.swift in Sources */ = {isa = PBXBuildFile; fileRef = A20031 /* BranchWarningSheet.swift */; };
		A10030 /* StatusBarView.swift in Sources */ = {isa = PBXBuildFile; fileRef = A20032 /* StatusBarView.swift */; };
		A10031 /* SyntaxHighlighter.swift in Sources */ = {isa = PBXBuildFile; fileRef = A20033 /* SyntaxHighlighter.swift */; };
		A10032 /* FocusedValues.swift in Sources */ = {isa = PBXBuildFile; fileRef = A20034 /* FocusedValues.swift */; };
		C10001 /* ModelTests.swift in Sources */ = {isa = PBXBuildFile; fileRef = C20001 /* ModelTests.swift */; };
		C10002 /* PRDStoreTests.swift in Sources */ = {isa = PBXBuildFile; fileRef = C20003 /* PRDStoreTests.swift */; };
		C10003 /* FileWatcherTests.swift in Sources */ = {isa = PBXBuildFile; fileRef = C20004 /* FileWatcherTests.swift */; };
		C10004 /* ProcessManagerTests.swift in Sources */ = {isa = PBXBuildFile; fileRef = C20005 /* ProcessManagerTests.swift */; };
		C10005 /* StreamingJSONParserTests.swift in Sources */ = {isa = PBXBuildFile; fileRef = C20006 /* StreamingJSONParserTests.swift */; };
		C10006 /* LogStoreTests.swift in Sources */ = {isa = PBXBuildFile; fileRef = C20007 /* LogStoreTests.swift */; };
		C10007 /* RalphLoopEngineTests.swift in Sources */ = {isa = PBXBuildFile; fileRef = C20008 /* RalphLoopEngineTests.swift */; };
		C10008 /* GitManagerTests.swift in Sources */ = {isa = PBXBuildFile; fileRef = C20009 /* GitManagerTests.swift */; };
		C10009 /* SyntaxHighlighterTests.swift in Sources */ = {isa = PBXBuildFile; fileRef = C20010 /* SyntaxHighlighterTests.swift */; };
/* End PBXBuildFile section */

/* Begin PBXContainerItemProxy section */
		C30001 /* PBXContainerItemProxy */ = {
			isa = PBXContainerItemProxy;
			containerPortal = A90001 /* Project object */;
			proxyType = 1;
			remoteGlobalIDString = A50001;
			remoteInfo = Ridler;
		};
/* End PBXContainerItemProxy section */

/* Begin PBXFileReference section */
		A20001 /* RidlerApp.swift */ = {isa = PBXFileReference; lastKnownFileType = sourcecode.swift; path = RidlerApp.swift; sourceTree = "<group>"; };
		A20002 /* ContentView.swift */ = {isa = PBXFileReference; lastKnownFileType = sourcecode.swift; path = ContentView.swift; sourceTree = "<group>"; };
		A20003 /* Assets.xcassets */ = {isa = PBXFileReference; lastKnownFileType = folder.assetcatalog; path = Assets.xcassets; sourceTree = "<group>"; };
		A20004 /* Preview Assets.xcassets */ = {isa = PBXFileReference; lastKnownFileType = folder.assetcatalog; path = "Preview Assets.xcassets"; sourceTree = "<group>"; };
		A20005 /* Ridler.app */ = {isa = PBXFileReference; explicitFileType = wrapper.application; includeInIndex = 0; path = Ridler.app; sourceTree = BUILT_PRODUCTS_DIR; };
		A20006 /* Ridler.entitlements */ = {isa = PBXFileReference; lastKnownFileType = text.plist.entitlements; path = Ridler.entitlements; sourceTree = "<group>"; };
		A20007 /* UserStory.swift */ = {isa = PBXFileReference; lastKnownFileType = sourcecode.swift; path = UserStory.swift; sourceTree = "<group>"; };
		A20008 /* LoopState.swift */ = {isa = PBXFileReference; lastKnownFileType = sourcecode.swift; path = LoopState.swift; sourceTree = "<group>"; };
		A20009 /* Milestone.swift */ = {isa = PBXFileReference; lastKnownFileType = sourcecode.swift; path = Milestone.swift; sourceTree = "<group>"; };
		A20010 /* PRDProject.swift */ = {isa = PBXFileReference; lastKnownFileType = sourcecode.swift; path = PRDProject.swift; sourceTree = "<group>"; };
		A20011 /* RidlerError.swift */ = {isa = PBXFileReference; lastKnownFileType = sourcecode.swift; path = RidlerError.swift; sourceTree = "<group>"; };
		A20012 /* PRDStore.swift */ = {isa = PBXFileReference; lastKnownFileType = sourcecode.swift; path = PRDStore.swift; sourceTree = "<group>"; };
		A20013 /* FileSystemPRDStore.swift */ = {isa = PBXFileReference; lastKnownFileType = sourcecode.swift; path = FileSystemPRDStore.swift; sourceTree = "<group>"; };
		A20014 /* SidebarView.swift */ = {isa = PBXFileReference; lastKnownFileType = sourcecode.swift; path = SidebarView.swift; sourceTree = "<group>"; };
		A20015 /* DetailView.swift */ = {isa = PBXFileReference; lastKnownFileType = sourcecode.swift; path = DetailView.swift; sourceTree = "<group>"; };
		A20016 /* LogPanelView.swift */ = {isa = PBXFileReference; lastKnownFileType = sourcecode.swift; path = LogPanelView.swift; sourceTree = "<group>"; };
		A20017 /* EmptyStateView.swift */ = {isa = PBXFileReference; lastKnownFileType = sourcecode.swift; path = EmptyStateView.swift; sourceTree = "<group>"; };
		A20018 /* NewPRDSheet.swift */ = {isa = PBXFileReference; lastKnownFileType = sourcecode.swift; path = NewPRDSheet.swift; sourceTree = "<group>"; };
		A20019 /* SidebarSelection.swift */ = {isa = PBXFileReference; lastKnownFileType = sourcecode.swift; path = SidebarSelection.swift; sourceTree = "<group>"; };
		A20020 /* DirectoryMonitor.swift */ = {isa = PBXFileReference; lastKnownFileType = sourcecode.swift; path = DirectoryMonitor.swift; sourceTree = "<group>"; };
		A20021 /* ProjectFileWatcher.swift */ = {isa = PBXFileReference; lastKnownFileType = sourcecode.swift; path = ProjectFileWatcher.swift; sourceTree = "<group>"; };
		A20022 /* LoopToolbarView.swift */ = {isa = PBXFileReference; lastKnownFileType = sourcecode.swift; path = LoopToolbarView.swift; sourceTree = "<group>"; };
		A20023 /* ProcessManaging.swift */ = {isa = PBXFileReference; lastKnownFileType = sourcecode.swift; path = ProcessManaging.swift; sourceTree = "<group>"; };
		A20024 /* ClaudeCodeProcessManager.swift */ = {isa = PBXFileReference; lastKnownFileType = sourcecode.swift; path = ClaudeCodeProcessManager.swift; sourceTree = "<group>"; };
		A20025 /* LogEntry.swift */ = {isa = PBXFileReference; lastKnownFileType = sourcecode.swift; path = LogEntry.swift; sourceTree = "<group>"; };
		A20026 /* StreamingJSONParser.swift */ = {isa = PBXFileReference; lastKnownFileType = sourcecode.swift; path = StreamingJSONParser.swift; sourceTree = "<group>"; };
		A20027 /* LogStore.swift */ = {isa = PBXFileReference; lastKnownFileType = sourcecode.swift; path = LogStore.swift; sourceTree = "<group>"; };
		A20028 /* RalphLoopEngine.swift */ = {isa = PBXFileReference; lastKnownFileType = sourcecode.swift; path = RalphLoopEngine.swift; sourceTree = "<group>"; };
		A20029 /* GitManaging.swift */ = {isa = PBXFileReference; lastKnownFileType = sourcecode.swift; path = GitManaging.swift; sourceTree = "<group>"; };
		A20030 /* GitManager.swift */ = {isa = PBXFileReference; lastKnownFileType = sourcecode.swift; path = GitManager.swift; sourceTree = "<group>"; };
		A20031 /* BranchWarningSheet.swift */ = {isa = PBXFileReference; lastKnownFileType = sourcecode.swift; path = BranchWarningSheet.swift; sourceTree = "<group>"; };
		A20032 /* StatusBarView.swift */ = {isa = PBXFileReference; lastKnownFileType = sourcecode.swift; path = StatusBarView.swift; sourceTree = "<group>"; };
		A20033 /* SyntaxHighlighter.swift */ = {isa = PBXFileReference; lastKnownFileType = sourcecode.swift; path = SyntaxHighlighter.swift; sourceTree = "<group>"; };
		A20034 /* FocusedValues.swift */ = {isa = PBXFileReference; lastKnownFileType = sourcecode.swift; path = FocusedValues.swift; sourceTree = "<group>"; };
		C20001 /* ModelTests.swift */ = {isa = PBXFileReference; lastKnownFileType = sourcecode.swift; path = ModelTests.swift; sourceTree = "<group>"; };
		C20003 /* PRDStoreTests.swift */ = {isa = PBXFileReference; lastKnownFileType = sourcecode.swift; path = PRDStoreTests.swift; sourceTree = "<group>"; };
		C20004 /* FileWatcherTests.swift */ = {isa = PBXFileReference; lastKnownFileType = sourcecode.swift; path = FileWatcherTests.swift; sourceTree = "<group>"; };
		C20005 /* ProcessManagerTests.swift */ = {isa = PBXFileReference; lastKnownFileType = sourcecode.swift; path = ProcessManagerTests.swift; sourceTree = "<group>"; };
		C20006 /* StreamingJSONParserTests.swift */ = {isa = PBXFileReference; lastKnownFileType = sourcecode.swift; path = StreamingJSONParserTests.swift; sourceTree = "<group>"; };
		C20007 /* LogStoreTests.swift */ = {isa = PBXFileReference; lastKnownFileType = sourcecode.swift; path = LogStoreTests.swift; sourceTree = "<group>"; };
		C20008 /* RalphLoopEngineTests.swift */ = {isa = PBXFileReference; lastKnownFileType = sourcecode.swift; path = RalphLoopEngineTests.swift; sourceTree = "<group>"; };
		C20009 /* GitManagerTests.swift */ = {isa = PBXFileReference; lastKnownFileType = sourcecode.swift; path = GitManagerTests.swift; sourceTree = "<group>"; };
		C20010 /* SyntaxHighlighterTests.swift */ = {isa = PBXFileReference; lastKnownFileType = sourcecode.swift; path = SyntaxHighlighterTests.swift; sourceTree = "<group>"; };
		C20002 /* RidlerTests.xctest */ = {isa = PBXFileReference; explicitFileType = wrapper.cfbundle; includeInIndex = 0; path = RidlerTests.xctest; sourceTree = BUILT_PRODUCTS_DIR; };
/* End PBXFileReference section */

/* Begin PBXFrameworksBuildPhase section */
		A30001 /* Frameworks */ = {
			isa = PBXFrameworksBuildPhase;
			buildActionMask = 2147483647;
			files = (
			);
			runOnlyForDeploymentPostprocessing = 0;
		};
		C30002 /* Frameworks */ = {
			isa = PBXFrameworksBuildPhase;
			buildActionMask = 2147483647;
			files = (
			);
			runOnlyForDeploymentPostprocessing = 0;
		};
/* End PBXFrameworksBuildPhase section */

/* Begin PBXGroup section */
		A40000 = {
			isa = PBXGroup;
			children = (
				A40001 /* Ridler */,
				C40001 /* RidlerTests */,
				A40006 /* Products */,
			);
			sourceTree = "<group>";
		};
		A40001 /* Ridler */ = {
			isa = PBXGroup;
			children = (
				A20001 /* RidlerApp.swift */,
				A20002 /* ContentView.swift */,
				A40002 /* Models */,
				A40003 /* Views */,
				A40004 /* ViewModels */,
				A40005 /* Managers */,
				A40007 /* Protocols */,
				A20003 /* Assets.xcassets */,
				A20006 /* Ridler.entitlements */,
				A40008 /* Preview Content */,
			);
			path = Ridler;
			sourceTree = "<group>";
		};
		A40002 /* Models */ = {
			isa = PBXGroup;
			children = (
				A20007 /* UserStory.swift */,
				A20008 /* LoopState.swift */,
				A20009 /* Milestone.swift */,
				A20010 /* PRDProject.swift */,
				A20011 /* RidlerError.swift */,
				A20019 /* SidebarSelection.swift */,
				A20025 /* LogEntry.swift */,
				A20034 /* FocusedValues.swift */,
			);
			path = Models;
			sourceTree = "<group>";
		};
		A40003 /* Views */ = {
			isa = PBXGroup;
			children = (
				A20014 /* SidebarView.swift */,
				A20015 /* DetailView.swift */,
				A20016 /* LogPanelView.swift */,
				A20017 /* EmptyStateView.swift */,
				A20018 /* NewPRDSheet.swift */,
				A20022 /* LoopToolbarView.swift */,
				A20031 /* BranchWarningSheet.swift */,
				A20032 /* StatusBarView.swift */,
			);
			path = Views;
			sourceTree = "<group>";
		};
		A40004 /* ViewModels */ = {
			isa = PBXGroup;
			children = (
			);
			path = ViewModels;
			sourceTree = "<group>";
		};
		A40005 /* Managers */ = {
			isa = PBXGroup;
			children = (
				A20013 /* FileSystemPRDStore.swift */,
				A20020 /* DirectoryMonitor.swift */,
				A20021 /* ProjectFileWatcher.swift */,
				A20024 /* ClaudeCodeProcessManager.swift */,
				A20026 /* StreamingJSONParser.swift */,
				A20027 /* LogStore.swift */,
				A20028 /* RalphLoopEngine.swift */,
				A20030 /* GitManager.swift */,
				A20033 /* SyntaxHighlighter.swift */,
			);
			path = Managers;
			sourceTree = "<group>";
		};
		A40006 /* Products */ = {
			isa = PBXGroup;
			children = (
				A20005 /* Ridler.app */,
				C20002 /* RidlerTests.xctest */,
			);
			name = Products;
			sourceTree = "<group>";
		};
		A40007 /* Protocols */ = {
			isa = PBXGroup;
			children = (
				A20012 /* PRDStore.swift */,
				A20023 /* ProcessManaging.swift */,
				A20029 /* GitManaging.swift */,
			);
			path = Protocols;
			sourceTree = "<group>";
		};
		A40008 /* Preview Content */ = {
			isa = PBXGroup;
			children = (
				A20004 /* Preview Assets.xcassets */,
			);
			path = "Preview Content";
			sourceTree = "<group>";
		};
		C40001 /* RidlerTests */ = {
			isa = PBXGroup;
			children = (
				C20001 /* ModelTests.swift */,
				C20003 /* PRDStoreTests.swift */,
				C20004 /* FileWatcherTests.swift */,
				C20005 /* ProcessManagerTests.swift */,
				C20006 /* StreamingJSONParserTests.swift */,
				C20007 /* LogStoreTests.swift */,
				C20008 /* RalphLoopEngineTests.swift */,
				C20009 /* GitManagerTests.swift */,
				C20010 /* SyntaxHighlighterTests.swift */,
			);
			path = RidlerTests;
			sourceTree = "<group>";
		};
/* End PBXGroup section */

/* Begin PBXNativeTarget section */
		A50001 /* Ridler */ = {
			isa = PBXNativeTarget;
			buildConfigurationList = A70002 /* Build configuration list for PBXNativeTarget "Ridler" */;
			buildPhases = (
				A60001 /* Sources */,
				A30001 /* Frameworks */,
				A80001 /* Resources */,
			);
			buildRules = (
			);
			dependencies = (
			);
			name = Ridler;
			productName = Ridler;
			productReference = A20005 /* Ridler.app */;
			productType = "com.apple.product-type.application";
		};
		C50001 /* RidlerTests */ = {
			isa = PBXNativeTarget;
			buildConfigurationList = C70001 /* Build configuration list for PBXNativeTarget "RidlerTests" */;
			buildPhases = (
				C60001 /* Sources */,
				C30002 /* Frameworks */,
			);
			buildRules = (
			);
			dependencies = (
				C30003 /* PBXTargetDependency */,
			);
			name = RidlerTests;
			productName = RidlerTests;
			productReference = C20002 /* RidlerTests.xctest */;
			productType = "com.apple.product-type.bundle.unit-test";
		};
/* End PBXNativeTarget section */

/* Begin PBXProject section */
		A90001 /* Project object */ = {
			isa = PBXProject;
			attributes = {
				BuildIndependentTargetsInParallel = 1;
				LastSwiftUpdateCheck = 1540;
				LastUpgradeCheck = 1540;
				TargetAttributes = {
					A50001 = {
						CreatedOnToolsVersion = 15.4;
					};
					C50001 = {
						CreatedOnToolsVersion = 15.4;
						TestTargetID = A50001;
					};
				};
			};
			buildConfigurationList = A70001 /* Build configuration list for PBXProject "Ridler" */;
			compatibilityVersion = "Xcode 14.0";
			developmentRegion = en;
			hasScannedForEncodings = 0;
			knownRegions = (
				en,
				Base,
			);
			mainGroup = A40000;
			productRefGroup = A40006 /* Products */;
			projectDirPath = "";
			projectRoot = "";
			targets = (
				A50001 /* Ridler */,
				C50001 /* RidlerTests */,
			);
		};
/* End PBXProject section */

/* Begin PBXResourcesBuildPhase section */
		A80001 /* Resources */ = {
			isa = PBXResourcesBuildPhase;
			buildActionMask = 2147483647;
			files = (
				A10004 /* Preview Assets.xcassets in Resources */,
				A10003 /* Assets.xcassets in Resources */,
			);
			runOnlyForDeploymentPostprocessing = 0;
		};
/* End PBXResourcesBuildPhase section */

/* Begin PBXSourcesBuildPhase section */
		A60001 /* Sources */ = {
			isa = PBXSourcesBuildPhase;
			buildActionMask = 2147483647;
			files = (
				A10002 /* ContentView.swift in Sources */,
				A10001 /* RidlerApp.swift in Sources */,
				A10005 /* UserStory.swift in Sources */,
				A10006 /* LoopState.swift in Sources */,
				A10007 /* Milestone.swift in Sources */,
				A10008 /* PRDProject.swift in Sources */,
				A10009 /* RidlerError.swift in Sources */,
				A10010 /* PRDStore.swift in Sources */,
				A10011 /* FileSystemPRDStore.swift in Sources */,
				A10012 /* SidebarView.swift in Sources */,
				A10013 /* DetailView.swift in Sources */,
				A10014 /* LogPanelView.swift in Sources */,
				A10015 /* EmptyStateView.swift in Sources */,
				A10016 /* NewPRDSheet.swift in Sources */,
				A10017 /* SidebarSelection.swift in Sources */,
				A10018 /* DirectoryMonitor.swift in Sources */,
				A10019 /* ProjectFileWatcher.swift in Sources */,
				A10020 /* LoopToolbarView.swift in Sources */,
				A10021 /* ProcessManaging.swift in Sources */,
				A10022 /* ClaudeCodeProcessManager.swift in Sources */,
				A10023 /* LogEntry.swift in Sources */,
				A10024 /* StreamingJSONParser.swift in Sources */,
				A10025 /* LogStore.swift in Sources */,
				A10026 /* RalphLoopEngine.swift in Sources */,
				A10027 /* GitManaging.swift in Sources */,
				A10028 /* GitManager.swift in Sources */,
				A10029 /* BranchWarningSheet.swift in Sources */,
				A10030 /* StatusBarView.swift in Sources */,
				A10031 /* SyntaxHighlighter.swift in Sources */,
				A10032 /* FocusedValues.swift in Sources */,
			);
			runOnlyForDeploymentPostprocessing = 0;
		};
		C60001 /* Sources */ = {
			isa = PBXSourcesBuildPhase;
			buildActionMask = 2147483647;
			files = (
				C10001 /* ModelTests.swift in Sources */,
				C10002 /* PRDStoreTests.swift in Sources */,
				C10003 /* FileWatcherTests.swift in Sources */,
				C10004 /* ProcessManagerTests.swift in Sources */,
				C10005 /* StreamingJSONParserTests.swift in Sources */,
				C10006 /* LogStoreTests.swift in Sources */,
				C10007 /* RalphLoopEngineTests.swift in Sources */,
				C10008 /* GitManagerTests.swift in Sources */,
				C10009 /* SyntaxHighlighterTests.swift in Sources */,
			);
			runOnlyForDeploymentPostprocessing = 0;
		};
/* End PBXSourcesBuildPhase section */

/* Begin PBXTargetDependency section */
		C30003 /* PBXTargetDependency */ = {
			isa = PBXTargetDependency;
			target = A50001 /* Ridler */;
			targetProxy = C30001 /* PBXContainerItemProxy */;
		};
/* End PBXTargetDependency section */

/* Begin XCBuildConfiguration section */
		B10001 /* Debug */ = {
			isa = XCBuildConfiguration;
			buildSettings = {
				ALWAYS_SEARCH_USER_PATHS = NO;
				ASSETCATALOG_COMPILER_GENERATE_SWIFT_ASSET_SYMBOL_EXTENSIONS = YES;
				CLANG_ANALYZER_NONNULL = YES;
				CLANG_ANALYZER_NUMBER_OBJECT_CONVERSION = YES_AGGRESSIVE;
				CLANG_CXX_LANGUAGE_STANDARD = "gnu++20";
				CLANG_ENABLE_MODULES = YES;
				CLANG_ENABLE_OBJC_ARC = YES;
				CLANG_ENABLE_OBJC_WEAK = YES;
				CLANG_WARN_BLOCK_CAPTURE_AUTORELEASING = YES;
				CLANG_WARN_BOOL_CONVERSION = YES;
				CLANG_WARN_COMMA = YES;
				CLANG_WARN_CONSTANT_CONVERSION = YES;
				CLANG_WARN_DEPRECATED_OBJC_IMPLEMENTATIONS = YES;
				CLANG_WARN_DIRECT_OBJC_ISA_USAGE = YES_ERROR;
				CLANG_WARN_DOCUMENTATION_COMMENTS = YES;
				CLANG_WARN_EMPTY_BODY = YES;
				CLANG_WARN_ENUM_CONVERSION = YES;
				CLANG_WARN_INFINITE_RECURSION = YES;
				CLANG_WARN_INT_CONVERSION = YES;
				CLANG_WARN_NON_LITERAL_NULL_CONVERSION = YES;
				CLANG_WARN_OBJC_IMPLICIT_RETAIN_SELF = YES;
				CLANG_WARN_OBJC_LITERAL_CONVERSION = YES;
				CLANG_WARN_OBJC_ROOT_CLASS = YES_ERROR;
				CLANG_WARN_QUOTED_INCLUDE_IN_FRAMEWORK_HEADER = YES;
				CLANG_WARN_RANGE_LOOP_ANALYSIS = YES;
				CLANG_WARN_STRICT_PROTOTYPES = YES;
				CLANG_WARN_SUSPICIOUS_MOVE = YES;
				CLANG_WARN_UNGUARDED_AVAILABILITY = YES_AGGRESSIVE;
				CLANG_WARN_UNREACHABLE_CODE = YES;
				CLANG_WARN__DUPLICATE_METHOD_MATCH = YES;
				COPY_PHASE_STRIP = NO;
				DEBUG_INFORMATION_FORMAT = dwarf;
				ENABLE_STRICT_OBJC_MSGSEND = YES;
				ENABLE_TESTABILITY = YES;
				ENABLE_USER_SCRIPT_SANDBOXING = YES;
				GCC_C_LANGUAGE_STANDARD = gnu17;
				GCC_DYNAMIC_NO_PIC = NO;
				GCC_NO_COMMON_BLOCKS = YES;
				GCC_OPTIMIZATION_LEVEL = 0;
				GCC_PREPROCESSOR_DEFINITIONS = (
					"DEBUG=1",
					"$(inherited)",
				);
				GCC_WARN_64_TO_32_BIT_CONVERSION = YES;
				GCC_WARN_ABOUT_RETURN_TYPE = YES_ERROR;
				GCC_WARN_UNDECLARED_SELECTOR = YES;
				GCC_WARN_UNINITIALIZED_AUTOS = YES_AGGRESSIVE;
				GCC_WARN_UNUSED_FUNCTION = YES;
				GCC_WARN_UNUSED_VARIABLE = YES;
				MACOSX_DEPLOYMENT_TARGET = 14.0;
				MTL_ENABLE_DEBUG_INFO = INCLUDE_SOURCE;
				MTL_FAST_MATH = YES;
				ONLY_ACTIVE_ARCH = YES;
				SDKROOT = macosx;
				SWIFT_ACTIVE_COMPILATION_CONDITIONS = "DEBUG $(inherited)";
				SWIFT_OPTIMIZATION_LEVEL = "-Onone";
			};
			name = Debug;
		};
		B10002 /* Release */ = {
			isa = XCBuildConfiguration;
			buildSettings = {
				ALWAYS_SEARCH_USER_PATHS = NO;
				ASSETCATALOG_COMPILER_GENERATE_SWIFT_ASSET_SYMBOL_EXTENSIONS = YES;
				CLANG_ANALYZER_NONNULL = YES;
				CLANG_ANALYZER_NUMBER_OBJECT_CONVERSION = YES_AGGRESSIVE;
				CLANG_CXX_LANGUAGE_STANDARD = "gnu++20";
				CLANG_ENABLE_MODULES = YES;
				CLANG_ENABLE_OBJC_ARC = YES;
				CLANG_ENABLE_OBJC_WEAK = YES;
				CLANG_WARN_BLOCK_CAPTURE_AUTORELEASING = YES;
				CLANG_WARN_BOOL_CONVERSION = YES;
				CLANG_WARN_COMMA = YES;
				CLANG_WARN_CONSTANT_CONVERSION = YES;
				CLANG_WARN_DEPRECATED_OBJC_IMPLEMENTATIONS = YES;
				CLANG_WARN_DIRECT_OBJC_ISA_USAGE = YES_ERROR;
				CLANG_WARN_DOCUMENTATION_COMMENTS = YES;
				CLANG_WARN_EMPTY_BODY = YES;
				CLANG_WARN_ENUM_CONVERSION = YES;
				CLANG_WARN_INFINITE_RECURSION = YES;
				CLANG_WARN_INT_CONVERSION = YES;
				CLANG_WARN_NON_LITERAL_NULL_CONVERSION = YES;
				CLANG_WARN_OBJC_IMPLICIT_RETAIN_SELF = YES;
				CLANG_WARN_OBJC_LITERAL_CONVERSION = YES;
				CLANG_WARN_OBJC_ROOT_CLASS = YES_ERROR;
				CLANG_WARN_QUOTED_INCLUDE_IN_FRAMEWORK_HEADER = YES;
				CLANG_WARN_RANGE_LOOP_ANALYSIS = YES;
				CLANG_WARN_STRICT_PROTOTYPES = YES;
				CLANG_WARN_SUSPICIOUS_MOVE = YES;
				CLANG_WARN_UNGUARDED_AVAILABILITY = YES_AGGRESSIVE;
				CLANG_WARN_UNREACHABLE_CODE = YES;
				CLANG_WARN__DUPLICATE_METHOD_MATCH = YES;
				COPY_PHASE_STRIP = NO;
				DEBUG_INFORMATION_FORMAT = "dwarf-with-dsym";
				ENABLE_NS_ASSERTIONS = NO;
				ENABLE_STRICT_OBJC_MSGSEND = YES;
				ENABLE_USER_SCRIPT_SANDBOXING = YES;
				GCC_C_LANGUAGE_STANDARD = gnu17;
				GCC_NO_COMMON_BLOCKS = YES;
				GCC_WARN_64_TO_32_BIT_CONVERSION = YES;
				GCC_WARN_ABOUT_RETURN_TYPE = YES_ERROR;
				GCC_WARN_UNDECLARED_SELECTOR = YES;
				GCC_WARN_UNINITIALIZED_AUTOS = YES_AGGRESSIVE;
				GCC_WARN_UNUSED_FUNCTION = YES;
				GCC_WARN_UNUSED_VARIABLE = YES;
				MACOSX_DEPLOYMENT_TARGET = 14.0;
				MTL_ENABLE_DEBUG_INFO = NO;
				MTL_FAST_MATH = YES;
				SDKROOT = macosx;
				SWIFT_COMPILATION_MODE = wholemodule;
			};
			name = Release;
		};
		B10003 /* Debug */ = {
			isa = XCBuildConfiguration;
			buildSettings = {
				ARCHS = arm64;
				ASSETCATALOG_COMPILER_APPICON_NAME = AppIcon;
				ASSETCATALOG_COMPILER_GLOBAL_ACCENT_COLOR_NAME = AccentColor;
				CODE_SIGN_ENTITLEMENTS = Ridler/Ridler.entitlements;
				CODE_SIGN_STYLE = Automatic;
				COMBINE_HIDPI_IMAGES = YES;
				CURRENT_PROJECT_VERSION = 1;
				DEVELOPMENT_ASSET_PATHS = "\"Ridler/Preview Content\"";
				ENABLE_PREVIEWS = YES;
				GENERATE_INFOPLIST_FILE = YES;
				INFOPLIST_KEY_NSHumanReadableCopyright = "";
				LD_RUNPATH_SEARCH_PATHS = (
					"$(inherited)",
					"@executable_path/../Frameworks",
				);
				MARKETING_VERSION = 1.0;
				PRODUCT_BUNDLE_IDENTIFIER = com.amattn.Ridler;
				PRODUCT_NAME = "$(TARGET_NAME)";
				SWIFT_EMIT_LOC_STRINGS = YES;
				SWIFT_VERSION = 5.0;
			};
			name = Debug;
		};
		B10004 /* Release */ = {
			isa = XCBuildConfiguration;
			buildSettings = {
				ARCHS = arm64;
				ASSETCATALOG_COMPILER_APPICON_NAME = AppIcon;
				ASSETCATALOG_COMPILER_GLOBAL_ACCENT_COLOR_NAME = AccentColor;
				CODE_SIGN_ENTITLEMENTS = Ridler/Ridler.entitlements;
				CODE_SIGN_STYLE = Automatic;
				COMBINE_HIDPI_IMAGES = YES;
				CURRENT_PROJECT_VERSION = 1;
				DEVELOPMENT_ASSET_PATHS = "\"Ridler/Preview Content\"";
				ENABLE_PREVIEWS = YES;
				GENERATE_INFOPLIST_FILE = YES;
				INFOPLIST_KEY_NSHumanReadableCopyright = "";
				LD_RUNPATH_SEARCH_PATHS = (
					"$(inherited)",
					"@executable_path/../Frameworks",
				);
				MARKETING_VERSION = 1.0;
				PRODUCT_BUNDLE_IDENTIFIER = com.amattn.Ridler;
				PRODUCT_NAME = "$(TARGET_NAME)";
				SWIFT_EMIT_LOC_STRINGS = YES;
				SWIFT_VERSION = 5.0;
			};
			name = Release;
		};
		D10001 /* Debug */ = {
			isa = XCBuildConfiguration;
			buildSettings = {
				ARCHS = arm64;
				BUNDLE_LOADER = "$(TEST_HOST)";
				CODE_SIGN_STYLE = Automatic;
				CURRENT_PROJECT_VERSION = 1;
				GENERATE_INFOPLIST_FILE = YES;
				MACOSX_DEPLOYMENT_TARGET = 14.0;
				MARKETING_VERSION = 1.0;
				PRODUCT_BUNDLE_IDENTIFIER = com.amattn.RidlerTests;
				PRODUCT_NAME = "$(TARGET_NAME)";
				SWIFT_EMIT_LOC_STRINGS = NO;
				SWIFT_VERSION = 5.0;
				TEST_HOST = "$(BUILT_PRODUCTS_DIR)/Ridler.app/Contents/MacOS/Ridler";
			};
			name = Debug;
		};
		D10002 /* Release */ = {
			isa = XCBuildConfiguration;
			buildSettings = {
				ARCHS = arm64;
				BUNDLE_LOADER = "$(TEST_HOST)";
				CODE_SIGN_STYLE = Automatic;
				CURRENT_PROJECT_VERSION = 1;
				GENERATE_INFOPLIST_FILE = YES;
				MACOSX_DEPLOYMENT_TARGET = 14.0;
				MARKETING_VERSION = 1.0;
				PRODUCT_BUNDLE_IDENTIFIER = com.amattn.RidlerTests;
				PRODUCT_NAME = "$(TARGET_NAME)";
				SWIFT_EMIT_LOC_STRINGS = NO;
				SWIFT_VERSION = 5.0;
				TEST_HOST = "$(BUILT_PRODUCTS_DIR)/Ridler.app/Contents/MacOS/Ridler";
			};
			name = Release;
		};
/* End XCBuildConfiguration section */

/* Begin XCConfigurationList section */
		A70001 /* Build configuration list for PBXProject "Ridler" */ = {
			isa = XCConfigurationList;
			buildConfigurations = (
				B10001 /* Debug */,
				B10002 /* Release */,
			);
			defaultConfigurationIsVisible = 0;
			defaultConfigurationName = Release;
		};
		A70002 /* Build configuration list for PBXNativeTarget "Ridler" */ = {
			isa = XCConfigurationList;
			buildConfigurations = (
				B10003 /* Debug */,
				B10004 /* Release */,
			);
			defaultConfigurationIsVisible = 0;
			defaultConfigurationName = Release;
		};
		C70001 /* Build configuration list for PBXNativeTarget "RidlerTests" */ = {
			isa = XCConfigurationList;
			buildConfigurations = (
				D10001 /* Debug */,
				D10002 /* Release */,
			);
			defaultConfigurationIsVisible = 0;
			defaultConfigurationName = Release;
		};
/* End XCConfigurationList section */
	};
	rootObject = A90001 /* Project object */;
}
