{
  "originHash" : "e2513c57909e37d0a934bd347f6370086ca026685767d9cd2814f239b939820a",
  "pins" : [
    {
      "identity" : "liquidkit",
      "kind" : "remoteSourceControl",
      "location" : "https://github.com/epitonium-Swift-Packages/LiquidKit.git",
      "state" : {
        "revision" : "fba5b1a01b57a377dbf462ba3caab39b1733fe5c",
        "version" : "1.0.0"
      }
    },
    {
      "identity" : "networkimage",
      "kind" : "remoteSourceControl",
      "location" : "https://github.com/gonzalezreal/NetworkImage",
      "state" : {
        "revision" : "2849f5323265386e200484b0d0f896e73c3411b9",
        "version" : "6.0.1"
      }
    },
    {
      "identity" : "strftimeformatter",
      "kind" : "remoteSourceControl",
      "location" : "https://github.com/littleigloo/STRFTimeFormatter.git",
      "state" : {
        "revision" : "ee236efbdfe0fff6fdb47e1d761664f6abb0fbbf",
        "version" : "1.0.0"
      }
    },
    {
      "identity" : "swift-argument-parser",
      "kind" : "remoteSourceControl",
      "location" : "https://github.com/apple/swift-argument-parser",
      "state" : {
        "revision" : "c5d11a805e765f52ba34ec7284bd4fcd6ba68615",
        "version" : "1.7.0"
      }
    },
    {
      "identity" : "swift-cmark",
      "kind" : "remoteSourceControl",
      "location" : "https://github.com/swiftlang/swift-cmark",
      "state" : {
        "revision" : "5d9bdaa4228b381639fff09403e39a04926e2dbe",
        "version" : "0.7.1"
      }
    },
    {
      "identity" : "swift-html-entities",
      "kind" : "remoteSourceControl",
      "location" : "https://github.com/IBM-Swift/swift-html-entities.git",
      "state" : {
        "revision" : "d8ca73197f59ce260c71bd6d7f6eb8bbdccf508b",
        "version" : "4.0.1"
      }
    },
    {
      "identity" : "swift-markdown-ui",
      "kind" : "remoteSourceControl",
      "location" : "https://github.com/gonzalezreal/swift-markdown-ui.git",
      "state" : {
        "revision" : "5f613358148239d0292c0cef674a3c2314737f9e",
        "version" : "2.4.1"
      }
    },
    {
      "identity" : "swiftterm",
      "kind" : "remoteSourceControl",
      "location" : "https://github.com/migueldeicaza/SwiftTerm.git",
      "state" : {
        "revision" : "5c83a9d214e7354697624c11deb4e488bdcfabad",
        "version" : "1.10.1"
      }
    }
  ],
  "version" : 3
}
